
Microsoft Visual Studio Solution File, Format Version 12.00
# Visual Studio Version 16
VisualStudioVersion = 16.0.29613.14
MinimumVisualStudioVersion = 10.0.40219.1
Project("{FAE04EC0-301F-11D3-BF4B-00C04F79EFBC}") = "App", "App\App.csproj", "{F5953FED-0DBE-4307-8996-AF0EB7ACAFAB}"
EndProject
Project("{FAE04EC0-301F-11D3-BF4B-00C04F79EFBC}") = "ThesaurusLib", "ThesaurusLib\ThesaurusLib.csproj", "{C3F1576E-59D3-4320-A68F-C866D37C01C1}"
EndProject
Project("{FAE04EC0-301F-11D3-BF4B-00C04F79EFBC}") = "SearchLib", "SearchLib\SearchLib.csproj", "{873B0AA5-9771-4389-A9BC-12E8AAFFBFAA}"
EndProject
Global
	GlobalSection(SolutionConfigurationPlatforms) = preSolution
		Debug|Any CPU = Debug|Any CPU
		Release|Any CPU = Release|Any CPU
	EndGlobalSection
	GlobalSection(ProjectConfigurationPlatforms) = postSolution
		{F5953FED-0DBE-4307-8996-AF0EB7ACAFAB}.Debug|Any CPU.ActiveCfg = Debug|Any CPU
		{F5953FED-0DBE-4307-8996-AF0EB7ACAFAB}.Debug|Any CPU.Build.0 = Debug|Any CPU
		{F5953FED-0DBE-4307-8996-AF0EB7ACAFAB}.Release|Any CPU.ActiveCfg = Release|Any CPU
		{F5953FED-0DBE-4307-8996-AF0EB7ACAFAB}.Release|Any CPU.Build.0 = Release|Any CPU
		{C3F1576E-59D3-4320-A68F-C866D37C01C1}.Debug|Any CPU.ActiveCfg = Debug|Any CPU
		{C3F1576E-59D3-4320-A68F-C866D37C01C1}.Debug|Any CPU.Build.0 = Debug|Any CPU
		{C3F1576E-59D3-4320-A68F-C866D37C01C1}.Release|Any CPU.ActiveCfg = Release|Any CPU
		{C3F1576E-59D3-4320-A68F-C866D37C01C1}.Release|Any CPU.Build.0 = Release|Any CPU
		{873B0AA5-9771-4389-A9BC-12E8AAFFBFAA}.Debug|Any CPU.ActiveCfg = Debug|Any CPU
		{873B0AA5-9771-4389-A9BC-12E8AAFFBFAA}.Debug|Any CPU.Build.0 = Debug|Any CPU
		{873B0AA5-9771-4389-A9BC-12E8AAFFBFAA}.Release|Any CPU.ActiveCfg = Release|Any CPU
		{873B0AA5-9771-4389-A9BC-12E8AAFFBFAA}.Release|Any CPU.Build.0 = Release|Any CPU
	EndGlobalSection
	GlobalSection(SolutionProperties) = preSolution
		HideSolutionNode = FALSE
	EndGlobalSection
	GlobalSection(ExtensibilityGlobals) = postSolution
		SolutionGuid = {5359711A-15C3-4C6A-A46D-4113638D4114}
	EndGlobalSection
EndGlobal
